
Microsoft Visual Studio Solution File, Format Version 12.00
# Visual Studio 15
Project("{FAE04EC0-301F-11D3-BF4B-00C04F79EFBC}") = "Assembly-CSharp", "Assembly-CSharp.csproj", "{51DE4DE4-6EE2-2A1E-77B4-D0769FE4238E}"
EndProject
Global
	GlobalSection(SolutionConfigurationPlatforms) = preSolution
		Debug|Any CPU = Debug|Any CPU
		Release|Any CPU = Release|Any CPU
	EndGlobalSection
	GlobalSection(ProjectConfigurationPlatforms) = postSolution
		{51DE4DE4-6EE2-2A1E-77B4-D0769FE4238E}.Debug|Any CPU.ActiveCfg = Debug|Any CPU
		{51DE4DE4-6EE2-2A1E-77B4-D0769FE4238E}.Debug|Any CPU.Build.0 = Debug|Any CPU
		{51DE4DE4-6EE2-2A1E-77B4-D0769FE4238E}.Release|Any CPU.ActiveCfg = Release|Any CPU
		{51DE4DE4-6EE2-2A1E-77B4-D0769FE4238E}.Release|Any CPU.Build.0 = Release|Any CPU
	EndGlobalSection
	GlobalSection(SolutionProperties) = preSolution
		HideSolutionNode = FALSE
	EndGlobalSection
EndGlobal
